
Microsoft Visual Studio Solution File, Format Version 12.00
# Visual Studio Version 17
VisualStudioVersion = 17.10.35827.194
MinimumVisualStudioVersion = 10.0.40219.1
Project("{8BC9CEB8-8B4A-11D0-8D11-00A0C91BC942}") = "Reset UserID MvL", "Reset UserID MvL\Reset UserID MvL.vcxproj", "{B4C9D3DA-D5DF-4798-A1A7-65E1055AFD3B}"
EndProject
Project("{8BC9CEB8-8B4A-11D0-8D11-00A0C91BC942}") = "Fully anonymised", "Fully anonymised\Fully anonymised.vcxproj", "{44B44628-45F3-46DF-AFAA-C8E395E3204A}"
EndProject
Project("{8BC9CEB8-8B4A-11D0-8D11-00A0C91BC942}") = "New", "New\New.vcxproj", "{D4D92485-5016-4AE7-9737-84A3E13C81D7}"
EndProject
Global
	GlobalSection(SolutionConfigurationPlatforms) = preSolution
		Debug|x64 = Debug|x64
		Debug|x86 = Debug|x86
		Release|x64 = Release|x64
		Release|x86 = Release|x86
	EndGlobalSection
	GlobalSection(ProjectConfigurationPlatforms) = postSolution
		{B4C9D3DA-D5DF-4798-A1A7-65E1055AFD3B}.Debug|x64.ActiveCfg = Debug|x64
		{B4C9D3DA-D5DF-4798-A1A7-65E1055AFD3B}.Debug|x64.Build.0 = Debug|x64
		{B4C9D3DA-D5DF-4798-A1A7-65E1055AFD3B}.Debug|x86.ActiveCfg = Debug|Win32
		{B4C9D3DA-D5DF-4798-A1A7-65E1055AFD3B}.Debug|x86.Build.0 = Debug|Win32
		{B4C9D3DA-D5DF-4798-A1A7-65E1055AFD3B}.Release|x64.ActiveCfg = Release|x64
		{B4C9D3DA-D5DF-4798-A1A7-65E1055AFD3B}.Release|x64.Build.0 = Release|x64
		{B4C9D3DA-D5DF-4798-A1A7-65E1055AFD3B}.Release|x86.ActiveCfg = Release|Win32
		{B4C9D3DA-D5DF-4798-A1A7-65E1055AFD3B}.Release|x86.Build.0 = Release|Win32
		{44B44628-45F3-46DF-AFAA-C8E395E3204A}.Debug|x64.ActiveCfg = Debug|x64
		{44B44628-45F3-46DF-AFAA-C8E395E3204A}.Debug|x64.Build.0 = Debug|x64
		{44B44628-45F3-46DF-AFAA-C8E395E3204A}.Debug|x86.ActiveCfg = Debug|Win32
		{44B44628-45F3-46DF-AFAA-C8E395E3204A}.Debug|x86.Build.0 = Debug|Win32
		{44B44628-45F3-46DF-AFAA-C8E395E3204A}.Release|x64.ActiveCfg = Release|x64
		{44B44628-45F3-46DF-AFAA-C8E395E3204A}.Release|x64.Build.0 = Release|x64
		{44B44628-45F3-46DF-AFAA-C8E395E3204A}.Release|x86.ActiveCfg = Release|Win32
		{44B44628-45F3-46DF-AFAA-C8E395E3204A}.Release|x86.Build.0 = Release|Win32
		{D4D92485-5016-4AE7-9737-84A3E13C81D7}.Debug|x64.ActiveCfg = Debug|x64
		{D4D92485-5016-4AE7-9737-84A3E13C81D7}.Debug|x64.Build.0 = Debug|x64
		{D4D92485-5016-4AE7-9737-84A3E13C81D7}.Debug|x86.ActiveCfg = Debug|Win32
		{D4D92485-5016-4AE7-9737-84A3E13C81D7}.Debug|x86.Build.0 = Debug|Win32
		{D4D92485-5016-4AE7-9737-84A3E13C81D7}.Release|x64.ActiveCfg = Release|x64
		{D4D92485-5016-4AE7-9737-84A3E13C81D7}.Release|x64.Build.0 = Release|x64
		{D4D92485-5016-4AE7-9737-84A3E13C81D7}.Release|x86.ActiveCfg = Release|Win32
		{D4D92485-5016-4AE7-9737-84A3E13C81D7}.Release|x86.Build.0 = Release|Win32
	EndGlobalSection
	GlobalSection(SolutionProperties) = preSolution
		HideSolutionNode = FALSE
	EndGlobalSection
	GlobalSection(ExtensibilityGlobals) = postSolution
		SolutionGuid = {703BA51F-9FEB-4426-A7DA-3FD07BDEE9F9}
	EndGlobalSection
EndGlobal
